{
  "name": "mathtype",
  "version": "1.0.0",
  "lockfileVersion": 3,
  "requires": true,
  "packages": {
    "": {
      "name": "mathtype",
      "version": "1.0.0",
      "license": "ISC",
      "dependencies": {
        "@wiris/mathtype-html-integration-devkit": "^1.17.2"
      },
      "devDependencies": {
        "@types/node": "^20.12.12",
        "typescript": "^5.4.5"
      }
    },
    "node_modules/@types/node": {
      "version": "20.12.12",
      "resolved": "https://registry.npmjs.org/@types/node/-/node-20.12.12.tgz",
      "integrity": "sha512-eWLDGF/FOSPtAvEqeRAQ4C8LSA7M1I7i0ky1I8U7kD1J5ITyW3AsRhQrKVoWf5pFKZ2kILsEGJhsI9r93PYnOw==",
      "dev": true,
      "dependencies": {
        "undici-types": "~5.26.4"
      }
    },
    "node_modules/@wiris/mathtype-html-integration-devkit": {
      "version": "1.17.2",
      "resolved": "https://registry.npmjs.org/@wiris/mathtype-html-integration-devkit/-/mathtype-html-integration-devkit-1.17.2.tgz",
      "integrity": "sha512-2PwieyW4rPqw+Td+JEr6QpR8rOn8i5hMVmFUMbh4uvNzwhZQG6eJtvQiAn1ZxVjaAWwhTRZ1863aY35MWhrRIg==",
      "dependencies": {
        "dompurify": "^3.0.10",
        "uuid": "^8.3.2"
      }
    },
    "node_modules/dompurify": {
      "version": "3.1.4",
      "resolved": "https://registry.npmjs.org/dompurify/-/dompurify-3.1.4.tgz",
      "integrity": "sha512-2gnshi6OshmuKil8rMZuQCGiUF3cUxHY3NGDzUAdUx/NPEe5DVnO8BDoAQouvgwnx0R/+a6jUn36Z0FSdq8vww=="
    },
    "node_modules/typescript": {
      "version": "5.4.5",
      "resolved": "https://registry.npmjs.org/typescript/-/typescript-5.4.5.tgz",
      "integrity": "sha512-vcI4UpRgg81oIRUFwR0WSIHKt11nJ7SAVlYNIu+QpqeyXP+gpQJy/Z4+F0aGxSE4MqwjyXvW/TzgkLAx2AGHwQ==",
      "dev": true,
      "bin": {
        "tsc": "bin/tsc",
        "tsserver": "bin/tsserver"
      },
      "engines": {
        "node": ">=14.17"
      }
    },
    "node_modules/undici-types": {
      "version": "5.26.5",
      "resolved": "https://registry.npmjs.org/undici-types/-/undici-types-5.26.5.tgz",
      "integrity": "sha512-JlCMO+ehdEIKqlFxk6IfVoAUVmgz7cU7zD/h9XZ0qzeosSHmUJVOzSQvvYSYWXkFXC+IfLKSIffhv0sVZup6pA==",
      "dev": true
    },
    "node_modules/uuid": {
      "version": "8.3.2",
      "resolved": "https://registry.npmjs.org/uuid/-/uuid-8.3.2.tgz",
      "integrity": "sha512-+NYs2QeMWy+GWFOEm9xnn6HCDp0l7QBD7ml8zLUmJ+93Q5NF0NocErnwkTkXVFNiX3/fpC6afS8Dhb/gz7R7eg==",
      "bin": {
        "uuid": "dist/bin/uuid"
      }
    }
  }
}
